
Microsoft Visual Studio Solution File, Format Version 12.00
# Visual Studio 14
VisualStudioVersion = 14.0.25420.1
MinimumVisualStudioVersion = 10.0.40219.1
Project("{FAE04EC0-301F-11D3-BF4B-00C04F79EFBC}") = "Banking", "Banking\Banking.csproj", "{6A0DB4FF-08E0-4668-AB37-E6742E963D0F}"
EndProject
Project("{FAE04EC0-301F-11D3-BF4B-00C04F79EFBC}") = "BankTest", "BankTest\BankTest.csproj", "{13C707C1-8802-4CA3-A314-B915306F0EE7}"
EndProject
Global
	GlobalSection(SolutionConfigurationPlatforms) = preSolution
		Debug|Any CPU = Debug|Any CPU
		Release|Any CPU = Release|Any CPU
	EndGlobalSection
	GlobalSection(ProjectConfigurationPlatforms) = postSolution
		{6A0DB4FF-08E0-4668-AB37-E6742E963D0F}.Debug|Any CPU.ActiveCfg = Debug|Any CPU
		{6A0DB4FF-08E0-4668-AB37-E6742E963D0F}.Debug|Any CPU.Build.0 = Debug|Any CPU
		{6A0DB4FF-08E0-4668-AB37-E6742E963D0F}.Release|Any CPU.ActiveCfg = Release|Any CPU
		{6A0DB4FF-08E0-4668-AB37-E6742E963D0F}.Release|Any CPU.Build.0 = Release|Any CPU
		{13C707C1-8802-4CA3-A314-B915306F0EE7}.Debug|Any CPU.ActiveCfg = Debug|Any CPU
		{13C707C1-8802-4CA3-A314-B915306F0EE7}.Debug|Any CPU.Build.0 = Debug|Any CPU
		{13C707C1-8802-4CA3-A314-B915306F0EE7}.Release|Any CPU.ActiveCfg = Release|Any CPU
		{13C707C1-8802-4CA3-A314-B915306F0EE7}.Release|Any CPU.Build.0 = Release|Any CPU
	EndGlobalSection
	GlobalSection(SolutionProperties) = preSolution
		HideSolutionNode = FALSE
	EndGlobalSection
EndGlobal
