
Microsoft Visual Studio Solution File, Format Version 12.00
# Visual Studio 14
VisualStudioVersion = 14.0.25420.1
MinimumVisualStudioVersion = 10.0.40219.1
Project("{FAE04EC0-301F-11D3-BF4B-00C04F79EFBC}") = "Exercise21", "Exercise21\Exercise21.csproj", "{249742B9-294E-4FD4-9C2A-5E78E7F09C6B}"
EndProject
Project("{FAE04EC0-301F-11D3-BF4B-00C04F79EFBC}") = "Exercise21UnitTest", "UnitTestProject1\Exercise21UnitTest.csproj", "{C90885A0-6BC6-4860-9C59-F0F0F3E6FA9B}"
EndProject
Global
	GlobalSection(SolutionConfigurationPlatforms) = preSolution
		Debug|Any CPU = Debug|Any CPU
		Release|Any CPU = Release|Any CPU
	EndGlobalSection
	GlobalSection(ProjectConfigurationPlatforms) = postSolution
		{249742B9-294E-4FD4-9C2A-5E78E7F09C6B}.Debug|Any CPU.ActiveCfg = Debug|Any CPU
		{249742B9-294E-4FD4-9C2A-5E78E7F09C6B}.Debug|Any CPU.Build.0 = Debug|Any CPU
		{249742B9-294E-4FD4-9C2A-5E78E7F09C6B}.Release|Any CPU.ActiveCfg = Release|Any CPU
		{249742B9-294E-4FD4-9C2A-5E78E7F09C6B}.Release|Any CPU.Build.0 = Release|Any CPU
		{C90885A0-6BC6-4860-9C59-F0F0F3E6FA9B}.Debug|Any CPU.ActiveCfg = Debug|Any CPU
		{C90885A0-6BC6-4860-9C59-F0F0F3E6FA9B}.Debug|Any CPU.Build.0 = Debug|Any CPU
		{C90885A0-6BC6-4860-9C59-F0F0F3E6FA9B}.Release|Any CPU.ActiveCfg = Release|Any CPU
		{C90885A0-6BC6-4860-9C59-F0F0F3E6FA9B}.Release|Any CPU.Build.0 = Release|Any CPU
	EndGlobalSection
	GlobalSection(SolutionProperties) = preSolution
		HideSolutionNode = FALSE
	EndGlobalSection
EndGlobal
